
Microsoft Visual Studio Solution File, Format Version 12.00
# Visual Studio Version 17
VisualStudioVersion = 17.12.35527.113
MinimumVisualStudioVersion = 10.0.40219.1
Project("{8BC9CEB8-8B4A-11D0-8D11-00A0C91BC942}") = "AirlineClient", "AirlineClient\AirlineClient.vcxproj", "{260FAEA8-CA6D-45F1-89FF-AE8636B0EB21}"
EndProject
Project("{8BC9CEB8-8B4A-11D0-8D11-00A0C91BC942}") = "CrewServer", "CrewServer\CrewServer.vcxproj", "{D27EF123-6A13-4FA7-BA80-D6AE616DC00B}"
EndProject
Project("{2150E333-8FDC-42A3-9474-1A3956D46DE8}") = "Shared", "Shared", "{D2CAC1C0-3B86-415C-BBFA-0BBABAF26F1C}"
	ProjectSection(SolutionItems) = preProject
		Common.h = Common.h
		Constants.h = Constants.h
		Logger.cpp = Logger.cpp
		Logger.h = Logger.h
		Packets.cpp = Packets.cpp
		Packets.h = Packets.h
		PacketTypes.h = PacketTypes.h
		StateMachine.cpp = StateMachine.cpp
		StateMachine.h = StateMachine.h
	EndProjectSection
EndProject
Project("{8BC9CEB8-8B4A-11D0-8D11-00A0C91BC942}") = "Sprint1Tests", "Sprint1Tests\Sprint1Tests.vcxproj", "{20B08717-E6F7-4DE9-AAA4-075B0CAB044C}"
EndProject
Project("{8BC9CEB8-8B4A-11D0-8D11-00A0C91BC942}") = "AirlineCrewTests", "AirlineCrewTests\AirlineCrewTests.vcxproj", "{EDF2AE9B-1D6C-47C0-B03A-C4A965AC3E54}"
EndProject
Global
	GlobalSection(SolutionConfigurationPlatforms) = preSolution
		Debug|x64 = Debug|x64
		Debug|x86 = Debug|x86
		Release|x64 = Release|x64
		Release|x86 = Release|x86
	EndGlobalSection
	GlobalSection(ProjectConfigurationPlatforms) = postSolution
		{260FAEA8-CA6D-45F1-89FF-AE8636B0EB21}.Debug|x64.ActiveCfg = Debug|x64
		{260FAEA8-CA6D-45F1-89FF-AE8636B0EB21}.Debug|x64.Build.0 = Debug|x64
		{260FAEA8-CA6D-45F1-89FF-AE8636B0EB21}.Debug|x86.ActiveCfg = Debug|Win32
		{260FAEA8-CA6D-45F1-89FF-AE8636B0EB21}.Debug|x86.Build.0 = Debug|Win32
		{260FAEA8-CA6D-45F1-89FF-AE8636B0EB21}.Release|x64.ActiveCfg = Release|x64
		{260FAEA8-CA6D-45F1-89FF-AE8636B0EB21}.Release|x64.Build.0 = Release|x64
		{260FAEA8-CA6D-45F1-89FF-AE8636B0EB21}.Release|x86.ActiveCfg = Release|Win32
		{260FAEA8-CA6D-45F1-89FF-AE8636B0EB21}.Release|x86.Build.0 = Release|Win32
		{D27EF123-6A13-4FA7-BA80-D6AE616DC00B}.Debug|x64.ActiveCfg = Debug|x64
		{D27EF123-6A13-4FA7-BA80-D6AE616DC00B}.Debug|x64.Build.0 = Debug|x64
		{D27EF123-6A13-4FA7-BA80-D6AE616DC00B}.Debug|x86.ActiveCfg = Debug|Win32
		{D27EF123-6A13-4FA7-BA80-D6AE616DC00B}.Debug|x86.Build.0 = Debug|Win32
		{D27EF123-6A13-4FA7-BA80-D6AE616DC00B}.Release|x64.ActiveCfg = Release|x64
		{D27EF123-6A13-4FA7-BA80-D6AE616DC00B}.Release|x64.Build.0 = Release|x64
		{D27EF123-6A13-4FA7-BA80-D6AE616DC00B}.Release|x86.ActiveCfg = Release|Win32
		{D27EF123-6A13-4FA7-BA80-D6AE616DC00B}.Release|x86.Build.0 = Release|Win32
		{20B08717-E6F7-4DE9-AAA4-075B0CAB044C}.Debug|x64.ActiveCfg = Debug|x64
		{20B08717-E6F7-4DE9-AAA4-075B0CAB044C}.Debug|x64.Build.0 = Debug|x64
		{20B08717-E6F7-4DE9-AAA4-075B0CAB044C}.Debug|x86.ActiveCfg = Debug|Win32
		{20B08717-E6F7-4DE9-AAA4-075B0CAB044C}.Debug|x86.Build.0 = Debug|Win32
		{20B08717-E6F7-4DE9-AAA4-075B0CAB044C}.Release|x64.ActiveCfg = Release|x64
		{20B08717-E6F7-4DE9-AAA4-075B0CAB044C}.Release|x64.Build.0 = Release|x64
		{20B08717-E6F7-4DE9-AAA4-075B0CAB044C}.Release|x86.ActiveCfg = Release|Win32
		{20B08717-E6F7-4DE9-AAA4-075B0CAB044C}.Release|x86.Build.0 = Release|Win32
		{EDF2AE9B-1D6C-47C0-B03A-C4A965AC3E54}.Debug|x64.ActiveCfg = Debug|x64
		{EDF2AE9B-1D6C-47C0-B03A-C4A965AC3E54}.Debug|x64.Build.0 = Debug|x64
		{EDF2AE9B-1D6C-47C0-B03A-C4A965AC3E54}.Debug|x86.ActiveCfg = Debug|Win32
		{EDF2AE9B-1D6C-47C0-B03A-C4A965AC3E54}.Debug|x86.Build.0 = Debug|Win32
		{EDF2AE9B-1D6C-47C0-B03A-C4A965AC3E54}.Release|x64.ActiveCfg = Release|x64
		{EDF2AE9B-1D6C-47C0-B03A-C4A965AC3E54}.Release|x64.Build.0 = Release|x64
		{EDF2AE9B-1D6C-47C0-B03A-C4A965AC3E54}.Release|x86.ActiveCfg = Release|Win32
		{EDF2AE9B-1D6C-47C0-B03A-C4A965AC3E54}.Release|x86.Build.0 = Release|Win32
	EndGlobalSection
	GlobalSection(SolutionProperties) = preSolution
		HideSolutionNode = FALSE
	EndGlobalSection
	GlobalSection(ExtensibilityGlobals) = postSolution
		SolutionGuid = {F3D878C9-65F4-492C-A4D9-44AAAE53B7EE}
	EndGlobalSection
EndGlobal
